PODS:
  - Kingfisher (8.6.1)
  - KingfisherWebP (1.7.2):
    - Kingfisher (~> 8.0)
    - libwebp (>= 1.1.0)
  - libwebp (1.5.0):
    - libwebp/demux (= 1.5.0)
    - libwebp/mux (= 1.5.0)
    - libwebp/sharpyuv (= 1.5.0)
    - libwebp/webp (= 1.5.0)
  - libwebp/demux (1.5.0):
    - libwebp/webp
  - libwebp/mux (1.5.0):
    - libwebp/demux
  - libwebp/sharpyuv (1.5.0)
  - libwebp/webp (1.5.0):
    - libwebp/sharpyuv
  - LookinServer/Core (1.2.8)
  - LookinServer/Swift (1.2.8):
    - LookinServer/Core
  - SwiftMessages (10.0.2):
    - SwiftMessages/App (= 10.0.2)
  - SwiftMessages/App (10.0.2)
  - ToolBoxKit (0.0.4):
    - KingfisherWebP
    - SwiftMessages

DEPENDENCIES:
  - LookinServer/Swift
  - ToolBoxKit (from `../`)

SPEC REPOS:
  trunk:
    - Kingfisher
    - KingfisherWebP
    - libwebp
    - LookinServer
    - SwiftMessages

EXTERNAL SOURCES:
  ToolBoxKit:
    :path: "../"

SPEC CHECKSUMS:
  Kingfisher: 7ac7a7288653787a54206b11a3c74f49ab650f1f
  KingfisherWebP: 38b9721821947f547afb78f933f75f4f9e0ae402
  libwebp: 02b23773aedb6ff1fd38cec7a77b81414c6842a8
  LookinServer: 1b2b61c6402ae29fa22182d48f5cd067b4e99e80
  SwiftMessages: bfefe945bc05ce7cd328303d53d0d1849e29109d
  ToolBoxKit: 46f93a1ed36b74de169b6e7cc8e0c7f3852a8412

PODFILE CHECKSUM: 3a38d4c4461ae44531fec3206e45a6e291f5167c

COCOAPODS: 1.16.2
