PODS:
  - Kingfisher (8.6.0)
  - KingfisherWebP (1.7.0):
    - Kingfisher (~> 8.0)
    - libwebp (>= 1.1.0)
  - libwebp (1.5.0):
    - libwebp/demux (= 1.5.0)
    - libwebp/mux (= 1.5.0)
    - libwebp/sharpyuv (= 1.5.0)
    - libwebp/webp (= 1.5.0)
  - libwebp/demux (1.5.0):
    - libwebp/webp
  - libwebp/mux (1.5.0):
    - libwebp/demux
  - libwebp/sharpyuv (1.5.0)
  - libwebp/webp (1.5.0):
    - libwebp/sharpyuv
  - toolBoxKit (0.0.1):
    - KingfisherWebP

DEPENDENCIES:
  - toolBoxKit (from `../`)

SPEC REPOS:
  trunk:
    - Kingfisher
    - KingfisherWebP
    - libwebp

EXTERNAL SOURCES:
  toolBoxKit:
    :path: "../"

SPEC CHECKSUMS:
  Kingfisher: 64278f126a815d0e2d391cdf71311b85882c4de0
  KingfisherWebP: 42d393b312344f6f7a43f7cef6088b9c20249b64
  libwebp: 02b23773aedb6ff1fd38cec7a77b81414c6842a8
  toolBoxKit: 50a3d82572e0c9bb12b332aef889153edc2ff796

PODFILE CHECKSUM: ff106e71cc1565cbdb64487f2db73476b962d822

COCOAPODS: 1.16.2
